
Microsoft Visual Studio Solution File, Format Version 12.00
# Visual Studio Version 16
VisualStudioVersion = 16.0.30907.101
MinimumVisualStudioVersion = 10.0.40219.1
Project("{FAE04EC0-301F-11D3-BF4B-00C04F79EFBC}") = "AutoIdleMining", "AutoIdleMining\AutoIdleMining.csproj", "{53388EE1-52EC-494F-BD30-EB41C7FE31F1}"
EndProject
Global
	GlobalSection(SolutionConfigurationPlatforms) = preSolution
		Debug|Any CPU = Debug|Any CPU
		Release|Any CPU = Release|Any CPU
	EndGlobalSection
	GlobalSection(ProjectConfigurationPlatforms) = postSolution
		{53388EE1-52EC-494F-BD30-EB41C7FE31F1}.Debug|Any CPU.ActiveCfg = Debug|Any CPU
		{53388EE1-52EC-494F-BD30-EB41C7FE31F1}.Debug|Any CPU.Build.0 = Debug|Any CPU
		{53388EE1-52EC-494F-BD30-EB41C7FE31F1}.Release|Any CPU.ActiveCfg = Release|Any CPU
		{53388EE1-52EC-494F-BD30-EB41C7FE31F1}.Release|Any CPU.Build.0 = Release|Any CPU
	EndGlobalSection
	GlobalSection(SolutionProperties) = preSolution
		HideSolutionNode = FALSE
	EndGlobalSection
	GlobalSection(ExtensibilityGlobals) = postSolution
		SolutionGuid = {D28C8049-2571-4B53-8F93-3BD164204A8E}
	EndGlobalSection
EndGlobal
